
Microsoft Visual Studio Solution File, Format Version 12.00
# Visual Studio Version 17
VisualStudioVersion = 17.9.34902.65
MinimumVisualStudioVersion = 10.0.40219.1
Project("{9A19103F-16F7-4668-BE54-9A1E7A4F7556}") = "SGI", "SGI.csproj", "{59BF9842-92B2-457E-95EE-8C5AD5D4CCCD}"
EndProject
Global
	GlobalSection(SolutionConfigurationPlatforms) = preSolution
		Debug|Any CPU = Debug|Any CPU
		Release|Any CPU = Release|Any CPU
	EndGlobalSection
	GlobalSection(ProjectConfigurationPlatforms) = postSolution
		{59BF9842-92B2-457E-95EE-8C5AD5D4CCCD}.Debug|Any CPU.ActiveCfg = Debug|Any CPU
		{59BF9842-92B2-457E-95EE-8C5AD5D4CCCD}.Debug|Any CPU.Build.0 = Debug|Any CPU
		{59BF9842-92B2-457E-95EE-8C5AD5D4CCCD}.Release|Any CPU.ActiveCfg = Release|Any CPU
		{59BF9842-92B2-457E-95EE-8C5AD5D4CCCD}.Release|Any CPU.Build.0 = Release|Any CPU
	EndGlobalSection
	GlobalSection(SolutionProperties) = preSolution
		HideSolutionNode = FALSE
	EndGlobalSection
	GlobalSection(ExtensibilityGlobals) = postSolution
		SolutionGuid = {6FCEAE79-6EE2-46AE-993C-F92E7ACCC8CD}
	EndGlobalSection
EndGlobal
